
Microsoft Visual Studio Solution File, Format Version 12.00
# Visual Studio Version 16
VisualStudioVersion = 16.0.30523.141
MinimumVisualStudioVersion = 10.0.40219.1
Project("{FAE04EC0-301F-11D3-BF4B-00C04F79EFBC}") = "PassingInformationForms", "PassingInformationForms\PassingInformationForms.csproj", "{123A1D67-5FF8-4460-8270-182D9240614D}"
EndProject
Global
	GlobalSection(SolutionConfigurationPlatforms) = preSolution
		Debug|Any CPU = Debug|Any CPU
		Release|Any CPU = Release|Any CPU
	EndGlobalSection
	GlobalSection(ProjectConfigurationPlatforms) = postSolution
		{123A1D67-5FF8-4460-8270-182D9240614D}.Debug|Any CPU.ActiveCfg = Debug|Any CPU
		{123A1D67-5FF8-4460-8270-182D9240614D}.Debug|Any CPU.Build.0 = Debug|Any CPU
		{123A1D67-5FF8-4460-8270-182D9240614D}.Release|Any CPU.ActiveCfg = Release|Any CPU
		{123A1D67-5FF8-4460-8270-182D9240614D}.Release|Any CPU.Build.0 = Release|Any CPU
	EndGlobalSection
	GlobalSection(SolutionProperties) = preSolution
		HideSolutionNode = FALSE
	EndGlobalSection
	GlobalSection(ExtensibilityGlobals) = postSolution
		SolutionGuid = {C63AF9E3-278B-4828-A5CF-E19F27FD4BFF}
	EndGlobalSection
EndGlobal
